<?xml version="1.0" encoding="utf-8"?>
<Project ToolsVersion="4.0" xmlns="http://schemas.microsoft.com/developer/msbuild/2003">
  <ItemGroup>
    <Filter Include="Source Files">
      <UniqueIdentifier>{E9C7FDCE-D52A-8D73-7EB0-C5296AF258F6}</UniqueIdentifier>
    </Filter>
    <Filter Include="HeaderFile">
      <UniqueIdentifier>{3d7f6b5c-136d-4dd1-8345-df98fbb25ee8}</UniqueIdentifier>
    </Filter>
  </ItemGroup>
  <ItemGroup>
    <ClCompile Include="src\Main.cpp">
      <Filter>Source Files</Filter>
    </ClCompile>
    <ClCompile Include="src\Board.cpp">
      <Filter>Source Files</Filter>
    </ClCompile>
    <ClCompile Include="src\Game.cpp">
      <Filter>Source Files</Filter>
    </ClCompile>
    <ClCompile Include="src\RaylibCpp.cpp">
      <Filter>Source Files</Filter>
    </ClCompile>
    <ClCompile Include="src\Tetrominoes.cpp">
      <Filter>Source Files</Filter>
    </ClCompile>
  </ItemGroup>
  <ItemGroup>
    <ClInclude Include="src\Board.h">
      <Filter>HeaderFile</Filter>
    </ClInclude>
    <ClInclude Include="src\Game.h">
      <Filter>HeaderFile</Filter>
    </ClInclude>
    <ClInclude Include="src\Vec2.h">
      <Filter>HeaderFile</Filter>
    </ClInclude>
    <ClInclude Include="src\RaylibCpp.h">
      <Filter>HeaderFile</Filter>
    </ClInclude>
    <ClInclude Include="src\Settings.h">
      <Filter>HeaderFile</Filter>
    </ClInclude>
    <ClInclude Include="src\Tetrominoes.h">
      <Filter>HeaderFile</Filter>
    </ClInclude>
  </ItemGroup>
</Project>